
Microsoft Visual Studio Solution File, Format Version 11.00
# Visual Studio 2010
Project("{FAE04EC0-301F-11D3-BF4B-00C04F79EFBC}") = "AzureNewsPublisherDataContracts", "AzureNewsPublisherDataContracts\AzureNewsPublisherDataContracts.csproj", "{B0890FEB-11D5-427A-8D0C-A4A26E40A132}"
EndProject
Project("{FAE04EC0-301F-11D3-BF4B-00C04F79EFBC}") = "AzureNewsPublisher", "AzureNewsPublisher\AzureNewsPublisher.csproj", "{B455AE7F-40F4-4D31-92BA-A63641518349}"
EndProject
Global
	
	GlobalSection(SolutionConfigurationPlatforms) = preSolution
		Debug|Any CPU = Debug|Any CPU
		Release|Any CPU = Release|Any CPU
	EndGlobalSection
	GlobalSection(ProjectConfigurationPlatforms) = postSolution
		{B0890FEB-11D5-427A-8D0C-A4A26E40A132}.Debug|Any CPU.ActiveCfg = Debug|Any CPU
		{B0890FEB-11D5-427A-8D0C-A4A26E40A132}.Debug|Any CPU.Build.0 = Debug|Any CPU
		{B0890FEB-11D5-427A-8D0C-A4A26E40A132}.Release|Any CPU.ActiveCfg = Release|Any CPU
		{B0890FEB-11D5-427A-8D0C-A4A26E40A132}.Release|Any CPU.Build.0 = Release|Any CPU
		{B455AE7F-40F4-4D31-92BA-A63641518349}.Debug|Any CPU.ActiveCfg = Debug|Any CPU
		{B455AE7F-40F4-4D31-92BA-A63641518349}.Debug|Any CPU.Build.0 = Debug|Any CPU
		{B455AE7F-40F4-4D31-92BA-A63641518349}.Release|Any CPU.ActiveCfg = Release|Any CPU
		{B455AE7F-40F4-4D31-92BA-A63641518349}.Release|Any CPU.Build.0 = Release|Any CPU
	EndGlobalSection
	GlobalSection(SolutionProperties) = preSolution
		HideSolutionNode = FALSE
	EndGlobalSection
EndGlobal
